
Microsoft Visual Studio Solution File, Format Version 12.00
# Visual Studio Version 17
VisualStudioVersion = 17.8.34525.116
MinimumVisualStudioVersion = 10.0.40219.1
Project("{FAE04EC0-301F-11D3-BF4B-00C04F79EFBC}") = "SQL_DB_Test", "SQL_DB_Test.csproj", "{C5705A00-032E-4FEE-81C3-7E0D58B0563D}"
EndProject
Global
	GlobalSection(SolutionConfigurationPlatforms) = preSolution
		Debug|Any CPU = Debug|Any CPU
		Release|Any CPU = Release|Any CPU
	EndGlobalSection
	GlobalSection(ProjectConfigurationPlatforms) = postSolution
		{C5705A00-032E-4FEE-81C3-7E0D58B0563D}.Debug|Any CPU.ActiveCfg = Debug|Any CPU
		{C5705A00-032E-4FEE-81C3-7E0D58B0563D}.Debug|Any CPU.Build.0 = Debug|Any CPU
		{C5705A00-032E-4FEE-81C3-7E0D58B0563D}.Release|Any CPU.ActiveCfg = Release|Any CPU
		{C5705A00-032E-4FEE-81C3-7E0D58B0563D}.Release|Any CPU.Build.0 = Release|Any CPU
	EndGlobalSection
	GlobalSection(SolutionProperties) = preSolution
		HideSolutionNode = FALSE
	EndGlobalSection
	GlobalSection(ExtensibilityGlobals) = postSolution
		SolutionGuid = {9FE220DB-72F1-46E7-BF30-9C94F1237FFC}
	EndGlobalSection
EndGlobal
